{
  "name": "gltf",
  "lockfileVersion": 3,
  "requires": true,
  "packages": {
    "": {
      "dependencies": {
        "babylonjs": "^6.22.1"
      }
    },
    "node_modules/babylonjs": {
      "version": "6.22.1",
      "resolved": "https://registry.npmjs.org/babylonjs/-/babylonjs-6.22.1.tgz",
      "integrity": "sha512-eJd1WGcYxgVC/ypUuSl9wvEjIw1DsenpIupXIxckoRYYzJLIMxsFggVZI5lVIRFzquEmvZawVBjtNq6vJYFOZQ==",
      "hasInstallScript": true
    }
  }
}
